// !$*UTF8*$!
{
	archiveVersion = 1;
	classes = {
	};
	objectVersion = 50;
	objects = {

/* Begin PBXBuildFile section */
		8425477721ED948300AE5DB8 /* AppDelegate.swift in Sources */ = {isa = PBXBuildFile; fileRef = 8425477621ED948300AE5DB8 /* AppDelegate.swift */; };
		8425477921ED948300AE5DB8 /* ViewController.swift in Sources */ = {isa = PBXBuildFile; fileRef = 8425477821ED948300AE5DB8 /* ViewController.swift */; };
		8425477C21ED948400AE5DB8 /* Main.storyboard in Resources */ = {isa = PBXBuildFile; fileRef = 8425477A21ED948400AE5DB8 /* Main.storyboard */; };
		8425477E21ED948900AE5DB8 /* Assets.xcassets in Resources */ = {isa = PBXBuildFile; fileRef = 8425477D21ED948900AE5DB8 /* Assets.xcassets */; };
		8425478121ED948900AE5DB8 /* LaunchScreen.storyboard in Resources */ = {isa = PBXBuildFile; fileRef = 8425477F21ED948900AE5DB8 /* LaunchScreen.storyboard */; };
		8425478C21ED948900AE5DB8 /* Test2Tests.swift in Sources */ = {isa = PBXBuildFile; fileRef = 8425478B21ED948900AE5DB8 /* Test2Tests.swift */; };
		8425479721ED948900AE5DB8 /* Test2UITests.swift in Sources */ = {isa = PBXBuildFile; fileRef = 8425479621ED948900AE5DB8 /* Test2UITests.swift */; };
/* End PBXBuildFile section */

/* Begin PBXContainerItemProxy section */
		8425478821ED948900AE5DB8 /* PBXContainerItemProxy */ = {
			isa = PBXContainerItemProxy;
			containerPortal = 8425476B21ED948300AE5DB8 /* Project object */;
			proxyType = 1;
			remoteGlobalIDString = 8425477221ED948300AE5DB8;
			remoteInfo = Test2;
		};
		8425479321ED948900AE5DB8 /* PBXContainerItemProxy */ = {
			isa = PBXContainerItemProxy;
			containerPortal = 8425476B21ED948300AE5DB8 /* Project object */;
			proxyType = 1;
			remoteGlobalIDString = 8425477221ED948300AE5DB8;
			remoteInfo = Test2;
		};
/* End PBXContainerItemProxy section */

/* Begin PBXFileReference section */
		8425477321ED948300AE5DB8 /* Test2.app */ = {isa = PBXFileReference; explicitFileType = wrapper.application; includeInIndex = 0; path = Test2.app; sourceTree = BUILT_PRODUCTS_DIR; };
		8425477621ED948300AE5DB8 /* AppDelegate.swift */ = {isa = PBXFileReference; lastKnownFileType = sourcecode.swift; path = AppDelegate.swift; sourceTree = "<group>"; };
		8425477821ED948300AE5DB8 /* ViewController.swift */ = {isa = PBXFileReference; lastKnownFileType = sourcecode.swift; path = ViewController.swift; sourceTree = "<group>"; };
		8425477B21ED948400AE5DB8 /* Base */ = {isa = PBXFileReference; lastKnownFileType = file.storyboard; name = Base; path = Base.lproj/Main.storyboard; sourceTree = "<group>"; };
		8425477D21ED948900AE5DB8 /* Assets.xcassets */ = {isa = PBXFileReference; lastKnownFileType = folder.assetcatalog; path = Assets.xcassets; sourceTree = "<group>"; };
		8425478021ED948900AE5DB8 /* Base */ = {isa = PBXFileReference; lastKnownFileType = file.storyboard; name = Base; path = Base.lproj/LaunchScreen.storyboard; sourceTree = "<group>"; };
		8425478221ED948900AE5DB8 /* Info.plist */ = {isa = PBXFileReference; lastKnownFileType = text.plist.xml; path = Info.plist; sourceTree = "<group>"; };
		8425478721ED948900AE5DB8 /* Test2Tests.xctest */ = {isa = PBXFileReference; explicitFileType = wrapper.cfbundle; includeInIndex = 0; path = Test2Tests.xctest; sourceTree = BUILT_PRODUCTS_DIR; };
		8425478B21ED948900AE5DB8 /* Test2Tests.swift */ = {isa = PBXFileReference; lastKnownFileType = sourcecode.swift; path = Test2Tests.swift; sourceTree = "<group>"; };
		8425478D21ED948900AE5DB8 /* Info.plist */ = {isa = PBXFileReference; lastKnownFileType = text.plist.xml; path = Info.plist; sourceTree = "<group>"; };
		8425479221ED948900AE5DB8 /* Test2UITests.xctest */ = {isa = PBXFileReference; explicitFileType = wrapper.cfbundle; includeInIndex = 0; path = Test2UITests.xctest; sourceTree = BUILT_PRODUCTS_DIR; };
		8425479621ED948900AE5DB8 /* Test2UITests.swift */ = {isa = PBXFileReference; lastKnownFileType = sourcecode.swift; path = Test2UITests.swift; sourceTree = "<group>"; };
		8425479821ED948900AE5DB8 /* Info.plist */ = {isa = PBXFileReference; lastKnownFileType = text.plist.xml; path = Info.plist; sourceTree = "<group>"; };
/* End PBXFileReference section */

/* Begin PBXFrameworksBuildPhase section */
		8425477021ED948300AE5DB8 /* Frameworks */ = {
			isa = PBXFrameworksBuildPhase;
			buildActionMask = 2147483647;
			files = (
			);
			runOnlyForDeploymentPostprocessing = 0;
		};
		8425478421ED948900AE5DB8 /* Frameworks */ = {
			isa = PBXFrameworksBuildPhase;
			buildActionMask = 2147483647;
			files = (
			);
			runOnlyForDeploymentPostprocessing = 0;
		};
		8425478F21ED948900AE5DB8 /* Frameworks */ = {
			isa = PBXFrameworksBuildPhase;
			buildActionMask = 2147483647;
			files = (
			);
			runOnlyForDeploymentPostprocessing = 0;
		};
/* End PBXFrameworksBuildPhase section */

/* Begin PBXGroup section */
		8425476A21ED948300AE5DB8 = {
			isa = PBXGroup;
			children = (
				8425477521ED948300AE5DB8 /* Test2 */,
				8425478A21ED948900AE5DB8 /* Test2Tests */,
				8425479521ED948900AE5DB8 /* Test2UITests */,
				8425477421ED948300AE5DB8 /* Products */,
			);
			sourceTree = "<group>";
		};
		8425477421ED948300AE5DB8 /* Products */ = {
			isa = PBXGroup;
			children = (
				8425477321ED948300AE5DB8 /* Test2.app */,
				8425478721ED948900AE5DB8 /* Test2Tests.xctest */,
				8425479221ED948900AE5DB8 /* Test2UITests.xctest */,
			);
			name = Products;
			sourceTree = "<group>";
		};
		8425477521ED948300AE5DB8 /* Test2 */ = {
			isa = PBXGroup;
			children = (
				8425477621ED948300AE5DB8 /* AppDelegate.swift */,
				8425477821ED948300AE5DB8 /* ViewController.swift */,
				8425477A21ED948400AE5DB8 /* Main.storyboard */,
				8425477D21ED948900AE5DB8 /* Assets.xcassets */,
				8425477F21ED948900AE5DB8 /* LaunchScreen.storyboard */,
				8425478221ED948900AE5DB8 /* Info.plist */,
			);
			path = Test2;
			sourceTree = "<group>";
		};
		8425478A21ED948900AE5DB8 /* Test2Tests */ = {
			isa = PBXGroup;
			children = (
				8425478B21ED948900AE5DB8 /* Test2Tests.swift */,
				8425478D21ED948900AE5DB8 /* Info.plist */,
			);
			path = Test2Tests;
			sourceTree = "<group>";
		};
		8425479521ED948900AE5DB8 /* Test2UITests */ = {
			isa = PBXGroup;
			children = (
				8425479621ED948900AE5DB8 /* Test2UITests.swift */,
				8425479821ED948900AE5DB8 /* Info.plist */,
			);
			path = Test2UITests;
			sourceTree = "<group>";
		};
/* End PBXGroup section */

/* Begin PBXNativeTarget section */
		8425477221ED948300AE5DB8 /* Test2 */ = {
			isa = PBXNativeTarget;
			buildConfigurationList = 8425479B21ED948900AE5DB8 /* Build configuration list for PBXNativeTarget "Test2" */;
			buildPhases = (
				8425476F21ED948300AE5DB8 /* Sources */,
				8425477021ED948300AE5DB8 /* Frameworks */,
				8425477121ED948300AE5DB8 /* Resources */,
			);
			buildRules = (
			);
			dependencies = (
			);
			name = Test2;
			productName = Test2;
			productReference = 8425477321ED948300AE5DB8 /* Test2.app */;
			productType = "com.apple.product-type.application";
		};
		8425478621ED948900AE5DB8 /* Test2Tests */ = {
			isa = PBXNativeTarget;
			buildConfigurationList = 8425479E21ED948A00AE5DB8 /* Build configuration list for PBXNativeTarget "Test2Tests" */;
			buildPhases = (
				8425478321ED948900AE5DB8 /* Sources */,
				8425478421ED948900AE5DB8 /* Frameworks */,
				8425478521ED948900AE5DB8 /* Resources */,
			);
			buildRules = (
			);
			dependencies = (
				8425478921ED948900AE5DB8 /* PBXTargetDependency */,
			);
			name = Test2Tests;
			productName = Test2Tests;
			productReference = 8425478721ED948900AE5DB8 /* Test2Tests.xctest */;
			productType = "com.apple.product-type.bundle.unit-test";
		};
		8425479121ED948900AE5DB8 /* Test2UITests */ = {
			isa = PBXNativeTarget;
			buildConfigurationList = 842547A121ED948A00AE5DB8 /* Build configuration list for PBXNativeTarget "Test2UITests" */;
			buildPhases = (
				8425478E21ED948900AE5DB8 /* Sources */,
				8425478F21ED948900AE5DB8 /* Frameworks */,
				8425479021ED948900AE5DB8 /* Resources */,
			);
			buildRules = (
			);
			dependencies = (
				8425479421ED948900AE5DB8 /* PBXTargetDependency */,
			);
			name = Test2UITests;
			productName = Test2UITests;
			productReference = 8425479221ED948900AE5DB8 /* Test2UITests.xctest */;
			productType = "com.apple.product-type.bundle.ui-testing";
		};
/* End PBXNativeTarget section */

/* Begin PBXProject section */
		8425476B21ED948300AE5DB8 /* Project object */ = {
			isa = PBXProject;
			attributes = {
				LastSwiftUpdateCheck = 1010;
				LastUpgradeCheck = 1010;
				ORGANIZATIONNAME = AryMiku;
				TargetAttributes = {
					8425477221ED948300AE5DB8 = {
						CreatedOnToolsVersion = 10.1;
					};
					8425478621ED948900AE5DB8 = {
						CreatedOnToolsVersion = 10.1;
						TestTargetID = 8425477221ED948300AE5DB8;
					};
					8425479121ED948900AE5DB8 = {
						CreatedOnToolsVersion = 10.1;
						TestTargetID = 8425477221ED948300AE5DB8;
					};
				};
			};
			buildConfigurationList = 8425476E21ED948300AE5DB8 /* Build configuration list for PBXProject "Test2" */;
			compatibilityVersion = "Xcode 9.3";
			developmentRegion = en;
			hasScannedForEncodings = 0;
			knownRegions = (
				en,
				Base,
			);
			mainGroup = 8425476A21ED948300AE5DB8;
			productRefGroup = 8425477421ED948300AE5DB8 /* Products */;
			projectDirPath = "";
			projectRoot = "";
			targets = (
				8425477221ED948300AE5DB8 /* Test2 */,
				8425478621ED948900AE5DB8 /* Test2Tests */,
				8425479121ED948900AE5DB8 /* Test2UITests */,
			);
		};
/* End PBXProject section */

/* Begin PBXResourcesBuildPhase section */
		8425477121ED948300AE5DB8 /* Resources */ = {
			isa = PBXResourcesBuildPhase;
			buildActionMask = 2147483647;
			files = (
				8425478121ED948900AE5DB8 /* LaunchScreen.storyboard in Resources */,
				8425477E21ED948900AE5DB8 /* Assets.xcassets in Resources */,
				8425477C21ED948400AE5DB8 /* Main.storyboard in Resources */,
			);
			runOnlyForDeploymentPostprocessing = 0;
		};
		8425478521ED948900AE5DB8 /* Resources */ = {
			isa = PBXResourcesBuildPhase;
			buildActionMask = 2147483647;
			files = (
			);
			runOnlyForDeploymentPostprocessing = 0;
		};
		8425479021ED948900AE5DB8 /* Resources */ = {
			isa = PBXResourcesBuildPhase;
			buildActionMask = 2147483647;
			files = (
			);
			runOnlyForDeploymentPostprocessing = 0;
		};
/* End PBXResourcesBuildPhase section */

/* Begin PBXSourcesBuildPhase section */
		8425476F21ED948300AE5DB8 /* Sources */ = {
			isa = PBXSourcesBuildPhase;
			buildActionMask = 2147483647;
			files = (
				8425477921ED948300AE5DB8 /* ViewController.swift in Sources */,
				8425477721ED948300AE5DB8 /* AppDelegate.swift in Sources */,
			);
			runOnlyForDeploymentPostprocessing = 0;
		};
		8425478321ED948900AE5DB8 /* Sources */ = {
			isa = PBXSourcesBuildPhase;
			buildActionMask = 2147483647;
			files = (
				8425478C21ED948900AE5DB8 /* Test2Tests.swift in Sources */,
			);
			runOnlyForDeploymentPostprocessing = 0;
		};
		8425478E21ED948900AE5DB8 /* Sources */ = {
			isa = PBXSourcesBuildPhase;
			buildActionMask = 2147483647;
			files = (
				8425479721ED948900AE5DB8 /* Test2UITests.swift in Sources */,
			);
			runOnlyForDeploymentPostprocessing = 0;
		};
/* End PBXSourcesBuildPhase section */

/* Begin PBXTargetDependency section */
		8425478921ED948900AE5DB8 /* PBXTargetDependency */ = {
			isa = PBXTargetDependency;
			target = 8425477221ED948300AE5DB8 /* Test2 */;
			targetProxy = 8425478821ED948900AE5DB8 /* PBXContainerItemProxy */;
		};
		8425479421ED948900AE5DB8 /* PBXTargetDependency */ = {
			isa = PBXTargetDependency;
			target = 8425477221ED948300AE5DB8 /* Test2 */;
			targetProxy = 8425479321ED948900AE5DB8 /* PBXContainerItemProxy */;
		};
/* End PBXTargetDependency section */

/* Begin PBXVariantGroup section */
		8425477A21ED948400AE5DB8 /* Main.storyboard */ = {
			isa = PBXVariantGroup;
			children = (
				8425477B21ED948400AE5DB8 /* Base */,
			);
			name = Main.storyboard;
			sourceTree = "<group>";
		};
		8425477F21ED948900AE5DB8 /* LaunchScreen.storyboard */ = {
			isa = PBXVariantGroup;
			children = (
				8425478021ED948900AE5DB8 /* Base */,
			);
			name = LaunchScreen.storyboard;
			sourceTree = "<group>";
		};
/* End PBXVariantGroup section */

/* Begin XCBuildConfiguration section */
		8425479921ED948900AE5DB8 /* Debug */ = {
			isa = XCBuildConfiguration;
			buildSettings = {
				ALWAYS_SEARCH_USER_PATHS = NO;
				CLANG_ANALYZER_NONNULL = YES;
				CLANG_ANALYZER_NUMBER_OBJECT_CONVERSION = YES_AGGRESSIVE;
				CLANG_CXX_LANGUAGE_STANDARD = "gnu++14";
				CLANG_CXX_LIBRARY = "libc++";
				CLANG_ENABLE_MODULES = YES;
				CLANG_ENABLE_OBJC_ARC = YES;
				CLANG_ENABLE_OBJC_WEAK = YES;
				CLANG_WARN_BLOCK_CAPTURE_AUTORELEASING = YES;
				CLANG_WARN_BOOL_CONVERSION = YES;
				CLANG_WARN_COMMA = YES;
				CLANG_WARN_CONSTANT_CONVERSION = YES;
				CLANG_WARN_DEPRECATED_OBJC_IMPLEMENTATIONS = YES;
				CLANG_WARN_DIRECT_OBJC_ISA_USAGE = YES_ERROR;
				CLANG_WARN_DOCUMENTATION_COMMENTS = YES;
				CLANG_WARN_EMPTY_BODY = YES;
				CLANG_WARN_ENUM_CONVERSION = YES;
				CLANG_WARN_INFINITE_RECURSION = YES;
				CLANG_WARN_INT_CONVERSION = YES;
				CLANG_WARN_NON_LITERAL_NULL_CONVERSION = YES;
				CLANG_WARN_OBJC_IMPLICIT_RETAIN_SELF = YES;
				CLANG_WARN_OBJC_LITERAL_CONVERSION = YES;
				CLANG_WARN_OBJC_ROOT_CLASS = YES_ERROR;
				CLANG_WARN_RANGE_LOOP_ANALYSIS = YES;
				CLANG_WARN_STRICT_PROTOTYPES = YES;
				CLANG_WARN_SUSPICIOUS_MOVE = YES;
				CLANG_WARN_UNGUARDED_AVAILABILITY = YES_AGGRESSIVE;
				CLANG_WARN_UNREACHABLE_CODE = YES;
				CLANG_WARN__DUPLICATE_METHOD_MATCH = YES;
				CODE_SIGN_IDENTITY = "iPhone Developer";
				COPY_PHASE_STRIP = NO;
				DEBUG_INFORMATION_FORMAT = dwarf;
				ENABLE_STRICT_OBJC_MSGSEND = YES;
				ENABLE_TESTABILITY = YES;
				GCC_C_LANGUAGE_STANDARD = gnu11;
				GCC_DYNAMIC_NO_PIC = NO;
				GCC_NO_COMMON_BLOCKS = YES;
				GCC_OPTIMIZATION_LEVEL = 0;
				GCC_PREPROCESSOR_DEFINITIONS = (
					"DEBUG=1",
					"$(inherited)",
				);
				GCC_WARN_64_TO_32_BIT_CONVERSION = YES;
				GCC_WARN_ABOUT_RETURN_TYPE = YES_ERROR;
				GCC_WARN_UNDECLARED_SELECTOR = YES;
				GCC_WARN_UNINITIALIZED_AUTOS = YES_AGGRESSIVE;
				GCC_WARN_UNUSED_FUNCTION = YES;
				GCC_WARN_UNUSED_VARIABLE = YES;
				IPHONEOS_DEPLOYMENT_TARGET = 12.1;
				MTL_ENABLE_DEBUG_INFO = INCLUDE_SOURCE;
				MTL_FAST_MATH = YES;
				ONLY_ACTIVE_ARCH = YES;
				SDKROOT = iphoneos;
				SWIFT_ACTIVE_COMPILATION_CONDITIONS = DEBUG;
				SWIFT_OPTIMIZATION_LEVEL = "-Onone";
			};
			name = Debug;
		};
		8425479A21ED948900AE5DB8 /* Release */ = {
			isa = XCBuildConfiguration;
			buildSettings = {
				ALWAYS_SEARCH_USER_PATHS = NO;
				CLANG_ANALYZER_NONNULL = YES;
				CLANG_ANALYZER_NUMBER_OBJECT_CONVERSION = YES_AGGRESSIVE;
				CLANG_CXX_LANGUAGE_STANDARD = "gnu++14";
				CLANG_CXX_LIBRARY = "libc++";
				CLANG_ENABLE_MODULES = YES;
				CLANG_ENABLE_OBJC_ARC = YES;
				CLANG_ENABLE_OBJC_WEAK = YES;
				CLANG_WARN_BLOCK_CAPTURE_AUTORELEASING = YES;
				CLANG_WARN_BOOL_CONVERSION = YES;
				CLANG_WARN_COMMA = YES;
				CLANG_WARN_CONSTANT_CONVERSION = YES;
				CLANG_WARN_DEPRECATED_OBJC_IMPLEMENTATIONS = YES;
				CLANG_WARN_DIRECT_OBJC_ISA_USAGE = YES_ERROR;
				CLANG_WARN_DOCUMENTATION_COMMENTS = YES;
				CLANG_WARN_EMPTY_BODY = YES;
				CLANG_WARN_ENUM_CONVERSION = YES;
				CLANG_WARN_INFINITE_RECURSION = YES;
				CLANG_WARN_INT_CONVERSION = YES;
				CLANG_WARN_NON_LITERAL_NULL_CONVERSION = YES;
				CLANG_WARN_OBJC_IMPLICIT_RETAIN_SELF = YES;
				CLANG_WARN_OBJC_LITERAL_CONVERSION = YES;
				CLANG_WARN_OBJC_ROOT_CLASS = YES_ERROR;
				CLANG_WARN_RANGE_LOOP_ANALYSIS = YES;
				CLANG_WARN_STRICT_PROTOTYPES = YES;
				CLANG_WARN_SUSPICIOUS_MOVE = YES;
				CLANG_WARN_UNGUARDED_AVAILABILITY = YES_AGGRESSIVE;
				CLANG_WARN_UNREACHABLE_CODE = YES;
				CLANG_WARN__DUPLICATE_METHOD_MATCH = YES;
				CODE_SIGN_IDENTITY = "iPhone Developer";
				COPY_PHASE_STRIP = NO;
				DEBUG_INFORMATION_FORMAT = "dwarf-with-dsym";
				ENABLE_NS_ASSERTIONS = NO;
				ENABLE_STRICT_OBJC_MSGSEND = YES;
				GCC_C_LANGUAGE_STANDARD = gnu11;
				GCC_NO_COMMON_BLOCKS = YES;
				GCC_WARN_64_TO_32_BIT_CONVERSION = YES;
				GCC_WARN_ABOUT_RETURN_TYPE = YES_ERROR;
				GCC_WARN_UNDECLARED_SELECTOR = YES;
				GCC_WARN_UNINITIALIZED_AUTOS = YES_AGGRESSIVE;
				GCC_WARN_UNUSED_FUNCTION = YES;
				GCC_WARN_UNUSED_VARIABLE = YES;
				IPHONEOS_DEPLOYMENT_TARGET = 12.1;
				MTL_ENABLE_DEBUG_INFO = NO;
				MTL_FAST_MATH = YES;
				SDKROOT = iphoneos;
				SWIFT_COMPILATION_MODE = wholemodule;
				SWIFT_OPTIMIZATION_LEVEL = "-O";
				VALIDATE_PRODUCT = YES;
			};
			name = Release;
		};
		8425479C21ED948900AE5DB8 /* Debug */ = {
			isa = XCBuildConfiguration;
			buildSettings = {
				ASSETCATALOG_COMPILER_APPICON_NAME = AppIcon;
				CODE_SIGN_STYLE = Automatic;
				INFOPLIST_FILE = Test2/Info.plist;
				LD_RUNPATH_SEARCH_PATHS = (
					"$(inherited)",
					"@executable_path/Frameworks",
				);
				PRODUCT_BUNDLE_IDENTIFIER = AryMiku.Test2;
				PRODUCT_NAME = "$(TARGET_NAME)";
				SWIFT_VERSION = 4.2;
				TARGETED_DEVICE_FAMILY = "1,2";
			};
			name = Debug;
		};
		8425479D21ED948900AE5DB8 /* Release */ = {
			isa = XCBuildConfiguration;
			buildSettings = {
				ASSETCATALOG_COMPILER_APPICON_NAME = AppIcon;
				CODE_SIGN_STYLE = Automatic;
				INFOPLIST_FILE = Test2/Info.plist;
				LD_RUNPATH_SEARCH_PATHS = (
					"$(inherited)",
					"@executable_path/Frameworks",
				);
				PRODUCT_BUNDLE_IDENTIFIER = AryMiku.Test2;
				PRODUCT_NAME = "$(TARGET_NAME)";
				SWIFT_VERSION = 4.2;
				TARGETED_DEVICE_FAMILY = "1,2";
			};
			name = Release;
		};
		8425479F21ED948A00AE5DB8 /* Debug */ = {
			isa = XCBuildConfiguration;
			buildSettings = {
				ALWAYS_EMBED_SWIFT_STANDARD_LIBRARIES = YES;
				BUNDLE_LOADER = "$(TEST_HOST)";
				CODE_SIGN_STYLE = Automatic;
				INFOPLIST_FILE = Test2Tests/Info.plist;
				LD_RUNPATH_SEARCH_PATHS = (
					"$(inherited)",
					"@executable_path/Frameworks",
					"@loader_path/Frameworks",
				);
				PRODUCT_BUNDLE_IDENTIFIER = AryMiku.Test2Tests;
				PRODUCT_NAME = "$(TARGET_NAME)";
				SWIFT_VERSION = 4.2;
				TARGETED_DEVICE_FAMILY = "1,2";
				TEST_HOST = "$(BUILT_PRODUCTS_DIR)/Test2.app/Test2";
			};
			name = Debug;
		};
		842547A021ED948A00AE5DB8 /* Release */ = {
			isa = XCBuildConfiguration;
			buildSettings = {
				ALWAYS_EMBED_SWIFT_STANDARD_LIBRARIES = YES;
				BUNDLE_LOADER = "$(TEST_HOST)";
				CODE_SIGN_STYLE = Automatic;
				INFOPLIST_FILE = Test2Tests/Info.plist;
				LD_RUNPATH_SEARCH_PATHS = (
					"$(inherited)",
					"@executable_path/Frameworks",
					"@loader_path/Frameworks",
				);
				PRODUCT_BUNDLE_IDENTIFIER = AryMiku.Test2Tests;
				PRODUCT_NAME = "$(TARGET_NAME)";
				SWIFT_VERSION = 4.2;
				TARGETED_DEVICE_FAMILY = "1,2";
				TEST_HOST = "$(BUILT_PRODUCTS_DIR)/Test2.app/Test2";
			};
			name = Release;
		};
		842547A221ED948A00AE5DB8 /* Debug */ = {
			isa = XCBuildConfiguration;
			buildSettings = {
				ALWAYS_EMBED_SWIFT_STANDARD_LIBRARIES = YES;
				CODE_SIGN_STYLE = Automatic;
				INFOPLIST_FILE = Test2UITests/Info.plist;
				LD_RUNPATH_SEARCH_PATHS = (
					"$(inherited)",
					"@executable_path/Frameworks",
					"@loader_path/Frameworks",
				);
				PRODUCT_BUNDLE_IDENTIFIER = AryMiku.Test2UITests;
				PRODUCT_NAME = "$(TARGET_NAME)";
				SWIFT_VERSION = 4.2;
				TARGETED_DEVICE_FAMILY = "1,2";
				TEST_TARGET_NAME = Test2;
			};
			name = Debug;
		};
		842547A321ED948A00AE5DB8 /* Release */ = {
			isa = XCBuildConfiguration;
			buildSettings = {
				ALWAYS_EMBED_SWIFT_STANDARD_LIBRARIES = YES;
				CODE_SIGN_STYLE = Automatic;
				INFOPLIST_FILE = Test2UITests/Info.plist;
				LD_RUNPATH_SEARCH_PATHS = (
					"$(inherited)",
					"@executable_path/Frameworks",
					"@loader_path/Frameworks",
				);
				PRODUCT_BUNDLE_IDENTIFIER = AryMiku.Test2UITests;
				PRODUCT_NAME = "$(TARGET_NAME)";
				SWIFT_VERSION = 4.2;
				TARGETED_DEVICE_FAMILY = "1,2";
				TEST_TARGET_NAME = Test2;
			};
			name = Release;
		};
/* End XCBuildConfiguration section */

/* Begin XCConfigurationList section */
		8425476E21ED948300AE5DB8 /* Build configuration list for PBXProject "Test2" */ = {
			isa = XCConfigurationList;
			buildConfigurations = (
				8425479921ED948900AE5DB8 /* Debug */,
				8425479A21ED948900AE5DB8 /* Release */,
			);
			defaultConfigurationIsVisible = 0;
			defaultConfigurationName = Release;
		};
		8425479B21ED948900AE5DB8 /* Build configuration list for PBXNativeTarget "Test2" */ = {
			isa = XCConfigurationList;
			buildConfigurations = (
				8425479C21ED948900AE5DB8 /* Debug */,
				8425479D21ED948900AE5DB8 /* Release */,
			);
			defaultConfigurationIsVisible = 0;
			defaultConfigurationName = Release;
		};
		8425479E21ED948A00AE5DB8 /* Build configuration list for PBXNativeTarget "Test2Tests" */ = {
			isa = XCConfigurationList;
			buildConfigurations = (
				8425479F21ED948A00AE5DB8 /* Debug */,
				842547A021ED948A00AE5DB8 /* Release */,
			);
			defaultConfigurationIsVisible = 0;
			defaultConfigurationName = Release;
		};
		842547A121ED948A00AE5DB8 /* Build configuration list for PBXNativeTarget "Test2UITests" */ = {
			isa = XCConfigurationList;
			buildConfigurations = (
				842547A221ED948A00AE5DB8 /* Debug */,
				842547A321ED948A00AE5DB8 /* Release */,
			);
			defaultConfigurationIsVisible = 0;
			defaultConfigurationName = Release;
		};
/* End XCConfigurationList section */
	};
	rootObject = 8425476B21ED948300AE5DB8 /* Project object */;
}
